
Microsoft Visual Studio Solution File, Format Version 12.00
# Visual Studio 15
Project("{FAE04EC0-301F-11D3-BF4B-00C04F79EFBC}") = "Scripts", "Scripts.csproj", "{7D116D3E-703C-7F70-B6D6-46C79C53DC9D}"
EndProject
Project("{FAE04EC0-301F-11D3-BF4B-00C04F79EFBC}") = "Assembly-CSharp", "Assembly-CSharp.csproj", "{7ACC076A-C23B-EE4C-6E9D-0BD234BCFA91}"
EndProject
Project("{FAE04EC0-301F-11D3-BF4B-00C04F79EFBC}") = "Tests", "Tests.csproj", "{F3AADBAD-326A-B200-ED22-93F87607BE0E}"
EndProject
Project("{FAE04EC0-301F-11D3-BF4B-00C04F79EFBC}") = "Assembly-CSharp-Editor", "Assembly-CSharp-Editor.csproj", "{2F1B2DBF-CE06-03DC-720D-F7E64E270413}"
EndProject
Global
	GlobalSection(SolutionConfigurationPlatforms) = preSolution
		Debug|Any CPU = Debug|Any CPU
		Release|Any CPU = Release|Any CPU
	EndGlobalSection
	GlobalSection(ProjectConfigurationPlatforms) = postSolution
		{7D116D3E-703C-7F70-B6D6-46C79C53DC9D}.Debug|Any CPU.ActiveCfg = Debug|Any CPU
		{7D116D3E-703C-7F70-B6D6-46C79C53DC9D}.Debug|Any CPU.Build.0 = Debug|Any CPU
		{7D116D3E-703C-7F70-B6D6-46C79C53DC9D}.Release|Any CPU.ActiveCfg = Release|Any CPU
		{7D116D3E-703C-7F70-B6D6-46C79C53DC9D}.Release|Any CPU.Build.0 = Release|Any CPU
		{7ACC076A-C23B-EE4C-6E9D-0BD234BCFA91}.Debug|Any CPU.ActiveCfg = Debug|Any CPU
		{7ACC076A-C23B-EE4C-6E9D-0BD234BCFA91}.Debug|Any CPU.Build.0 = Debug|Any CPU
		{7ACC076A-C23B-EE4C-6E9D-0BD234BCFA91}.Release|Any CPU.ActiveCfg = Release|Any CPU
		{7ACC076A-C23B-EE4C-6E9D-0BD234BCFA91}.Release|Any CPU.Build.0 = Release|Any CPU
		{F3AADBAD-326A-B200-ED22-93F87607BE0E}.Debug|Any CPU.ActiveCfg = Debug|Any CPU
		{F3AADBAD-326A-B200-ED22-93F87607BE0E}.Debug|Any CPU.Build.0 = Debug|Any CPU
		{F3AADBAD-326A-B200-ED22-93F87607BE0E}.Release|Any CPU.ActiveCfg = Release|Any CPU
		{F3AADBAD-326A-B200-ED22-93F87607BE0E}.Release|Any CPU.Build.0 = Release|Any CPU
		{2F1B2DBF-CE06-03DC-720D-F7E64E270413}.Debug|Any CPU.ActiveCfg = Debug|Any CPU
		{2F1B2DBF-CE06-03DC-720D-F7E64E270413}.Debug|Any CPU.Build.0 = Debug|Any CPU
		{2F1B2DBF-CE06-03DC-720D-F7E64E270413}.Release|Any CPU.ActiveCfg = Release|Any CPU
		{2F1B2DBF-CE06-03DC-720D-F7E64E270413}.Release|Any CPU.Build.0 = Release|Any CPU
	EndGlobalSection
	GlobalSection(SolutionProperties) = preSolution
		HideSolutionNode = FALSE
	EndGlobalSection
EndGlobal
